
Microsoft Visual Studio Solution File, Format Version 12.00
# Visual Studio 15
VisualStudioVersion = 15.0.27130.2027
MinimumVisualStudioVersion = 10.0.40219.1
Project("{FAE04EC0-301F-11D3-BF4B-00C04F79EFBC}") = "ResourcesPoC", "ResourcesPoC\ResourcesPoC.csproj", "{0149FBC9-6D77-43DA-BDE4-F120AA276D5E}"
EndProject
Project("{FAE04EC0-301F-11D3-BF4B-00C04F79EFBC}") = "ResourcesPoC.Resource", "ResourcesPoC.Resource\ResourcesPoC.Resource.csproj", "{C3A9BE98-966F-40C5-A253-B0AC44F5170C}"
EndProject
Global
	GlobalSection(SolutionConfigurationPlatforms) = preSolution
		Debug|Any CPU = Debug|Any CPU
		Release|Any CPU = Release|Any CPU
	EndGlobalSection
	GlobalSection(ProjectConfigurationPlatforms) = postSolution
		{0149FBC9-6D77-43DA-BDE4-F120AA276D5E}.Debug|Any CPU.ActiveCfg = Debug|Any CPU
		{0149FBC9-6D77-43DA-BDE4-F120AA276D5E}.Debug|Any CPU.Build.0 = Debug|Any CPU
		{0149FBC9-6D77-43DA-BDE4-F120AA276D5E}.Release|Any CPU.ActiveCfg = Release|Any CPU
		{0149FBC9-6D77-43DA-BDE4-F120AA276D5E}.Release|Any CPU.Build.0 = Release|Any CPU
		{C3A9BE98-966F-40C5-A253-B0AC44F5170C}.Debug|Any CPU.ActiveCfg = Debug|Any CPU
		{C3A9BE98-966F-40C5-A253-B0AC44F5170C}.Debug|Any CPU.Build.0 = Debug|Any CPU
		{C3A9BE98-966F-40C5-A253-B0AC44F5170C}.Release|Any CPU.ActiveCfg = Release|Any CPU
		{C3A9BE98-966F-40C5-A253-B0AC44F5170C}.Release|Any CPU.Build.0 = Release|Any CPU
	EndGlobalSection
	GlobalSection(SolutionProperties) = preSolution
		HideSolutionNode = FALSE
	EndGlobalSection
	GlobalSection(ExtensibilityGlobals) = postSolution
		SolutionGuid = {DCD723CA-55BF-4F08-9C3A-19CD0430BCA7}
	EndGlobalSection
EndGlobal
